
Microsoft Visual Studio Solution File, Format Version 12.00
# Visual Studio 15
VisualStudioVersion = 15.0.28307.705
MinimumVisualStudioVersion = 10.0.40219.1
Project("{FAE04EC0-301F-11D3-BF4B-00C04F79EFBC}") = "Part_B", "Part_B\Part_B.csproj", "{08F0D8B8-E4D1-4168-BC8B-F080CC764467}"
EndProject
Global
	GlobalSection(SolutionConfigurationPlatforms) = preSolution
		Debug|Any CPU = Debug|Any CPU
		Release|Any CPU = Release|Any CPU
	EndGlobalSection
	GlobalSection(ProjectConfigurationPlatforms) = postSolution
		{08F0D8B8-E4D1-4168-BC8B-F080CC764467}.Debug|Any CPU.ActiveCfg = Debug|Any CPU
		{08F0D8B8-E4D1-4168-BC8B-F080CC764467}.Debug|Any CPU.Build.0 = Debug|Any CPU
		{08F0D8B8-E4D1-4168-BC8B-F080CC764467}.Release|Any CPU.ActiveCfg = Release|Any CPU
		{08F0D8B8-E4D1-4168-BC8B-F080CC764467}.Release|Any CPU.Build.0 = Release|Any CPU
	EndGlobalSection
	GlobalSection(SolutionProperties) = preSolution
		HideSolutionNode = FALSE
	EndGlobalSection
	GlobalSection(ExtensibilityGlobals) = postSolution
		SolutionGuid = {F3967D17-4D54-4765-88B7-21C7BB7DF38E}
	EndGlobalSection
EndGlobal
